// !$*UTF8*$!
{
	archiveVersion = 1;
	classes = {
	};
	objectVersion = 77;
	objects = {

/* Begin PBXContainerItemProxy section */
		87D663A12DBFB9B7009DB58E /* PBXContainerItemProxy */ = {
			isa = PBXContainerItemProxy;
			containerPortal = 87D663882DBFB9B4009DB58E /* Project object */;
			proxyType = 1;
			remoteGlobalIDString = 87D6638F2DBFB9B4009DB58E;
			remoteInfo = "毛主席语录";
		};
		87D663AB2DBFB9B7009DB58E /* PBXContainerItemProxy */ = {
			isa = PBXContainerItemProxy;
			containerPortal = 87D663882DBFB9B4009DB58E /* Project object */;
			proxyType = 1;
			remoteGlobalIDString = 87D6638F2DBFB9B4009DB58E;
			remoteInfo = "毛主席语录";
		};
/* End PBXContainerItemProxy section */

/* Begin PBXFileReference section */
		87D663902DBFB9B4009DB58E /* 毛主席语录.app */ = {isa = PBXFileReference; explicitFileType = wrapper.application; includeInIndex = 0; path = "毛主席语录.app"; sourceTree = BUILT_PRODUCTS_DIR; };
		87D663A02DBFB9B7009DB58E /* 毛主席语录Tests.xctest */ = {isa = PBXFileReference; explicitFileType = wrapper.cfbundle; includeInIndex = 0; path = "毛主席语录Tests.xctest"; sourceTree = BUILT_PRODUCTS_DIR; };
		87D663AA2DBFB9B7009DB58E /* 毛主席语录UITests.xctest */ = {isa = PBXFileReference; explicitFileType = wrapper.cfbundle; includeInIndex = 0; path = "毛主席语录UITests.xctest"; sourceTree = BUILT_PRODUCTS_DIR; };
/* End PBXFileReference section */

/* Begin PBXFileSystemSynchronizedRootGroup section */
		87D663922DBFB9B4009DB58E /* 毛主席语录 */ = {
			isa = PBXFileSystemSynchronizedRootGroup;
			path = "毛主席语录";
			sourceTree = "<group>";
		};
		87D663A32DBFB9B7009DB58E /* 毛主席语录Tests */ = {
			isa = PBXFileSystemSynchronizedRootGroup;
			path = "毛主席语录Tests";
			sourceTree = "<group>";
		};
		87D663AD2DBFB9B7009DB58E /* 毛主席语录UITests */ = {
			isa = PBXFileSystemSynchronizedRootGroup;
			path = "毛主席语录UITests";
			sourceTree = "<group>";
		};
/* End PBXFileSystemSynchronizedRootGroup section */

/* Begin PBXFrameworksBuildPhase section */
		87D6638D2DBFB9B4009DB58E /* Frameworks */ = {
			isa = PBXFrameworksBuildPhase;
			buildActionMask = 2147483647;
			files = (
			);
			runOnlyForDeploymentPostprocessing = 0;
		};
		87D6639D2DBFB9B7009DB58E /* Frameworks */ = {
			isa = PBXFrameworksBuildPhase;
			buildActionMask = 2147483647;
			files = (
			);
			runOnlyForDeploymentPostprocessing = 0;
		};
		87D663A72DBFB9B7009DB58E /* Frameworks */ = {
			isa = PBXFrameworksBuildPhase;
			buildActionMask = 2147483647;
			files = (
			);
			runOnlyForDeploymentPostprocessing = 0;
		};
/* End PBXFrameworksBuildPhase section */

/* Begin PBXGroup section */
		87D663872DBFB9B4009DB58E = {
			isa = PBXGroup;
			children = (
				87D663922DBFB9B4009DB58E /* 毛主席语录 */,
				87D663A32DBFB9B7009DB58E /* 毛主席语录Tests */,
				87D663AD2DBFB9B7009DB58E /* 毛主席语录UITests */,
				87D663912DBFB9B4009DB58E /* Products */,
			);
			sourceTree = "<group>";
		};
		87D663912DBFB9B4009DB58E /* Products */ = {
			isa = PBXGroup;
			children = (
				87D663902DBFB9B4009DB58E /* 毛主席语录.app */,
				87D663A02DBFB9B7009DB58E /* 毛主席语录Tests.xctest */,
				87D663AA2DBFB9B7009DB58E /* 毛主席语录UITests.xctest */,
			);
			name = Products;
			sourceTree = "<group>";
		};
/* End PBXGroup section */

/* Begin PBXNativeTarget section */
		87D6638F2DBFB9B4009DB58E /* 毛主席语录 */ = {
			isa = PBXNativeTarget;
			buildConfigurationList = 87D663B42DBFB9B7009DB58E /* Build configuration list for PBXNativeTarget "毛主席语录" */;
			buildPhases = (
				87D6638C2DBFB9B4009DB58E /* Sources */,
				87D6638D2DBFB9B4009DB58E /* Frameworks */,
				87D6638E2DBFB9B4009DB58E /* Resources */,
			);
			buildRules = (
			);
			dependencies = (
			);
			fileSystemSynchronizedGroups = (
				87D663922DBFB9B4009DB58E /* 毛主席语录 */,
			);
			name = "毛主席语录";
			packageProductDependencies = (
			);
			productName = "毛主席语录";
			productReference = 87D663902DBFB9B4009DB58E /* 毛主席语录.app */;
			productType = "com.apple.product-type.application";
		};
		87D6639F2DBFB9B7009DB58E /* 毛主席语录Tests */ = {
			isa = PBXNativeTarget;
			buildConfigurationList = 87D663B72DBFB9B7009DB58E /* Build configuration list for PBXNativeTarget "毛主席语录Tests" */;
			buildPhases = (
				87D6639C2DBFB9B7009DB58E /* Sources */,
				87D6639D2DBFB9B7009DB58E /* Frameworks */,
				87D6639E2DBFB9B7009DB58E /* Resources */,
			);
			buildRules = (
			);
			dependencies = (
				87D663A22DBFB9B7009DB58E /* PBXTargetDependency */,
			);
			fileSystemSynchronizedGroups = (
				87D663A32DBFB9B7009DB58E /* 毛主席语录Tests */,
			);
			name = "毛主席语录Tests";
			packageProductDependencies = (
			);
			productName = "毛主席语录Tests";
			productReference = 87D663A02DBFB9B7009DB58E /* 毛主席语录Tests.xctest */;
			productType = "com.apple.product-type.bundle.unit-test";
		};
		87D663A92DBFB9B7009DB58E /* 毛主席语录UITests */ = {
			isa = PBXNativeTarget;
			buildConfigurationList = 87D663BA2DBFB9B7009DB58E /* Build configuration list for PBXNativeTarget "毛主席语录UITests" */;
			buildPhases = (
				87D663A62DBFB9B7009DB58E /* Sources */,
				87D663A72DBFB9B7009DB58E /* Frameworks */,
				87D663A82DBFB9B7009DB58E /* Resources */,
			);
			buildRules = (
			);
			dependencies = (
				87D663AC2DBFB9B7009DB58E /* PBXTargetDependency */,
			);
			fileSystemSynchronizedGroups = (
				87D663AD2DBFB9B7009DB58E /* 毛主席语录UITests */,
			);
			name = "毛主席语录UITests";
			packageProductDependencies = (
			);
			productName = "毛主席语录UITests";
			productReference = 87D663AA2DBFB9B7009DB58E /* 毛主席语录UITests.xctest */;
			productType = "com.apple.product-type.bundle.ui-testing";
		};
/* End PBXNativeTarget section */

/* Begin PBXProject section */
		87D663882DBFB9B4009DB58E /* Project object */ = {
			isa = PBXProject;
			attributes = {
				BuildIndependentTargetsInParallel = 1;
				LastSwiftUpdateCheck = 1600;
				LastUpgradeCheck = 1600;
				TargetAttributes = {
					87D6638F2DBFB9B4009DB58E = {
						CreatedOnToolsVersion = 16.0;
					};
					87D6639F2DBFB9B7009DB58E = {
						CreatedOnToolsVersion = 16.0;
						TestTargetID = 87D6638F2DBFB9B4009DB58E;
					};
					87D663A92DBFB9B7009DB58E = {
						CreatedOnToolsVersion = 16.0;
						TestTargetID = 87D6638F2DBFB9B4009DB58E;
					};
				};
			};
			buildConfigurationList = 87D6638B2DBFB9B4009DB58E /* Build configuration list for PBXProject "毛主席语录" */;
			developmentRegion = en;
			hasScannedForEncodings = 0;
			knownRegions = (
				en,
				Base,
			);
			mainGroup = 87D663872DBFB9B4009DB58E;
			minimizedProjectReferenceProxies = 1;
			preferredProjectObjectVersion = 77;
			productRefGroup = 87D663912DBFB9B4009DB58E /* Products */;
			projectDirPath = "";
			projectRoot = "";
			targets = (
				87D6638F2DBFB9B4009DB58E /* 毛主席语录 */,
				87D6639F2DBFB9B7009DB58E /* 毛主席语录Tests */,
				87D663A92DBFB9B7009DB58E /* 毛主席语录UITests */,
			);
		};
/* End PBXProject section */

/* Begin PBXResourcesBuildPhase section */
		87D6638E2DBFB9B4009DB58E /* Resources */ = {
			isa = PBXResourcesBuildPhase;
			buildActionMask = 2147483647;
			files = (
			);
			runOnlyForDeploymentPostprocessing = 0;
		};
		87D6639E2DBFB9B7009DB58E /* Resources */ = {
			isa = PBXResourcesBuildPhase;
			buildActionMask = 2147483647;
			files = (
			);
			runOnlyForDeploymentPostprocessing = 0;
		};
		87D663A82DBFB9B7009DB58E /* Resources */ = {
			isa = PBXResourcesBuildPhase;
			buildActionMask = 2147483647;
			files = (
			);
			runOnlyForDeploymentPostprocessing = 0;
		};
/* End PBXResourcesBuildPhase section */

/* Begin PBXSourcesBuildPhase section */
		87D6638C2DBFB9B4009DB58E /* Sources */ = {
			isa = PBXSourcesBuildPhase;
			buildActionMask = 2147483647;
			files = (
			);
			runOnlyForDeploymentPostprocessing = 0;
		};
		87D6639C2DBFB9B7009DB58E /* Sources */ = {
			isa = PBXSourcesBuildPhase;
			buildActionMask = 2147483647;
			files = (
			);
			runOnlyForDeploymentPostprocessing = 0;
		};
		87D663A62DBFB9B7009DB58E /* Sources */ = {
			isa = PBXSourcesBuildPhase;
			buildActionMask = 2147483647;
			files = (
			);
			runOnlyForDeploymentPostprocessing = 0;
		};
/* End PBXSourcesBuildPhase section */

/* Begin PBXTargetDependency section */
		87D663A22DBFB9B7009DB58E /* PBXTargetDependency */ = {
			isa = PBXTargetDependency;
			target = 87D6638F2DBFB9B4009DB58E /* 毛主席语录 */;
			targetProxy = 87D663A12DBFB9B7009DB58E /* PBXContainerItemProxy */;
		};
		87D663AC2DBFB9B7009DB58E /* PBXTargetDependency */ = {
			isa = PBXTargetDependency;
			target = 87D6638F2DBFB9B4009DB58E /* 毛主席语录 */;
			targetProxy = 87D663AB2DBFB9B7009DB58E /* PBXContainerItemProxy */;
		};
/* End PBXTargetDependency section */

/* Begin XCBuildConfiguration section */
		87D663B22DBFB9B7009DB58E /* Debug */ = {
			isa = XCBuildConfiguration;
			buildSettings = {
				ALWAYS_SEARCH_USER_PATHS = NO;
				ASSETCATALOG_COMPILER_GENERATE_SWIFT_ASSET_SYMBOL_EXTENSIONS = YES;
				CLANG_ANALYZER_NONNULL = YES;
				CLANG_ANALYZER_NUMBER_OBJECT_CONVERSION = YES_AGGRESSIVE;
				CLANG_CXX_LANGUAGE_STANDARD = "gnu++20";
				CLANG_ENABLE_MODULES = YES;
				CLANG_ENABLE_OBJC_ARC = YES;
				CLANG_ENABLE_OBJC_WEAK = YES;
				CLANG_WARN_BLOCK_CAPTURE_AUTORELEASING = YES;
				CLANG_WARN_BOOL_CONVERSION = YES;
				CLANG_WARN_COMMA = YES;
				CLANG_WARN_CONSTANT_CONVERSION = YES;
				CLANG_WARN_DEPRECATED_OBJC_IMPLEMENTATIONS = YES;
				CLANG_WARN_DIRECT_OBJC_ISA_USAGE = YES_ERROR;
				CLANG_WARN_DOCUMENTATION_COMMENTS = YES;
				CLANG_WARN_EMPTY_BODY = YES;
				CLANG_WARN_ENUM_CONVERSION = YES;
				CLANG_WARN_INFINITE_RECURSION = YES;
				CLANG_WARN_INT_CONVERSION = YES;
				CLANG_WARN_NON_LITERAL_NULL_CONVERSION = YES;
				CLANG_WARN_OBJC_IMPLICIT_RETAIN_SELF = YES;
				CLANG_WARN_OBJC_LITERAL_CONVERSION = YES;
				CLANG_WARN_OBJC_ROOT_CLASS = YES_ERROR;
				CLANG_WARN_QUOTED_INCLUDE_IN_FRAMEWORK_HEADER = YES;
				CLANG_WARN_RANGE_LOOP_ANALYSIS = YES;
				CLANG_WARN_STRICT_PROTOTYPES = YES;
				CLANG_WARN_SUSPICIOUS_MOVE = YES;
				CLANG_WARN_UNGUARDED_AVAILABILITY = YES_AGGRESSIVE;
				CLANG_WARN_UNREACHABLE_CODE = YES;
				CLANG_WARN__DUPLICATE_METHOD_MATCH = YES;
				COPY_PHASE_STRIP = NO;
				DEBUG_INFORMATION_FORMAT = dwarf;
				ENABLE_STRICT_OBJC_MSGSEND = YES;
				ENABLE_TESTABILITY = YES;
				ENABLE_USER_SCRIPT_SANDBOXING = YES;
				GCC_C_LANGUAGE_STANDARD = gnu17;
				GCC_DYNAMIC_NO_PIC = NO;
				GCC_NO_COMMON_BLOCKS = YES;
				GCC_OPTIMIZATION_LEVEL = 0;
				GCC_PREPROCESSOR_DEFINITIONS = (
					"DEBUG=1",
					"$(inherited)",
				);
				GCC_WARN_64_TO_32_BIT_CONVERSION = YES;
				GCC_WARN_ABOUT_RETURN_TYPE = YES_ERROR;
				GCC_WARN_UNDECLARED_SELECTOR = YES;
				GCC_WARN_UNINITIALIZED_AUTOS = YES_AGGRESSIVE;
				GCC_WARN_UNUSED_FUNCTION = YES;
				GCC_WARN_UNUSED_VARIABLE = YES;
				IPHONEOS_DEPLOYMENT_TARGET = 18.0;
				LOCALIZATION_PREFERS_STRING_CATALOGS = YES;
				MTL_ENABLE_DEBUG_INFO = INCLUDE_SOURCE;
				MTL_FAST_MATH = YES;
				ONLY_ACTIVE_ARCH = YES;
				SDKROOT = iphoneos;
				SWIFT_ACTIVE_COMPILATION_CONDITIONS = "DEBUG $(inherited)";
				SWIFT_OPTIMIZATION_LEVEL = "-Onone";
			};
			name = Debug;
		};
		87D663B32DBFB9B7009DB58E /* Release */ = {
			isa = XCBuildConfiguration;
			buildSettings = {
				ALWAYS_SEARCH_USER_PATHS = NO;
				ASSETCATALOG_COMPILER_GENERATE_SWIFT_ASSET_SYMBOL_EXTENSIONS = YES;
				CLANG_ANALYZER_NONNULL = YES;
				CLANG_ANALYZER_NUMBER_OBJECT_CONVERSION = YES_AGGRESSIVE;
				CLANG_CXX_LANGUAGE_STANDARD = "gnu++20";
				CLANG_ENABLE_MODULES = YES;
				CLANG_ENABLE_OBJC_ARC = YES;
				CLANG_ENABLE_OBJC_WEAK = YES;
				CLANG_WARN_BLOCK_CAPTURE_AUTORELEASING = YES;
				CLANG_WARN_BOOL_CONVERSION = YES;
				CLANG_WARN_COMMA = YES;
				CLANG_WARN_CONSTANT_CONVERSION = YES;
				CLANG_WARN_DEPRECATED_OBJC_IMPLEMENTATIONS = YES;
				CLANG_WARN_DIRECT_OBJC_ISA_USAGE = YES_ERROR;
				CLANG_WARN_DOCUMENTATION_COMMENTS = YES;
				CLANG_WARN_EMPTY_BODY = YES;
				CLANG_WARN_ENUM_CONVERSION = YES;
				CLANG_WARN_INFINITE_RECURSION = YES;
				CLANG_WARN_INT_CONVERSION = YES;
				CLANG_WARN_NON_LITERAL_NULL_CONVERSION = YES;
				CLANG_WARN_OBJC_IMPLICIT_RETAIN_SELF = YES;
				CLANG_WARN_OBJC_LITERAL_CONVERSION = YES;
				CLANG_WARN_OBJC_ROOT_CLASS = YES_ERROR;
				CLANG_WARN_QUOTED_INCLUDE_IN_FRAMEWORK_HEADER = YES;
				CLANG_WARN_RANGE_LOOP_ANALYSIS = YES;
				CLANG_WARN_STRICT_PROTOTYPES = YES;
				CLANG_WARN_SUSPICIOUS_MOVE = YES;
				CLANG_WARN_UNGUARDED_AVAILABILITY = YES_AGGRESSIVE;
				CLANG_WARN_UNREACHABLE_CODE = YES;
				CLANG_WARN__DUPLICATE_METHOD_MATCH = YES;
				COPY_PHASE_STRIP = NO;
				DEBUG_INFORMATION_FORMAT = "dwarf-with-dsym";
				ENABLE_NS_ASSERTIONS = NO;
				ENABLE_STRICT_OBJC_MSGSEND = YES;
				ENABLE_USER_SCRIPT_SANDBOXING = YES;
				GCC_C_LANGUAGE_STANDARD = gnu17;
				GCC_NO_COMMON_BLOCKS = YES;
				GCC_WARN_64_TO_32_BIT_CONVERSION = YES;
				GCC_WARN_ABOUT_RETURN_TYPE = YES_ERROR;
				GCC_WARN_UNDECLARED_SELECTOR = YES;
				GCC_WARN_UNINITIALIZED_AUTOS = YES_AGGRESSIVE;
				GCC_WARN_UNUSED_FUNCTION = YES;
				GCC_WARN_UNUSED_VARIABLE = YES;
				IPHONEOS_DEPLOYMENT_TARGET = 18.0;
				LOCALIZATION_PREFERS_STRING_CATALOGS = YES;
				MTL_ENABLE_DEBUG_INFO = NO;
				MTL_FAST_MATH = YES;
				SDKROOT = iphoneos;
				SWIFT_COMPILATION_MODE = wholemodule;
				VALIDATE_PRODUCT = YES;
			};
			name = Release;
		};
		87D663B52DBFB9B7009DB58E /* Debug */ = {
			isa = XCBuildConfiguration;
			buildSettings = {
				ASSETCATALOG_COMPILER_APPICON_NAME = AppIcon;
				ASSETCATALOG_COMPILER_GLOBAL_ACCENT_COLOR_NAME = AccentColor;
				CODE_SIGN_STYLE = Automatic;
				CURRENT_PROJECT_VERSION = 1;
				DEVELOPMENT_ASSET_PATHS = "\"毛主席语录/Preview Content\"";
				DEVELOPMENT_TEAM = UJ9PYBFP4W;
				ENABLE_PREVIEWS = YES;
				GENERATE_INFOPLIST_FILE = YES;
				INFOPLIST_KEY_LSApplicationCategoryType = "public.app-category.books";
				INFOPLIST_KEY_UIApplicationSceneManifest_Generation = YES;
				INFOPLIST_KEY_UIApplicationSupportsIndirectInputEvents = YES;
				INFOPLIST_KEY_UILaunchScreen_Generation = YES;
				INFOPLIST_KEY_UISupportedInterfaceOrientations = "UIInterfaceOrientationLandscapeLeft UIInterfaceOrientationLandscapeRight UIInterfaceOrientationPortrait";
				INFOPLIST_KEY_UISupportedInterfaceOrientations_iPad = "UIInterfaceOrientationLandscapeLeft UIInterfaceOrientationLandscapeRight UIInterfaceOrientationPortrait UIInterfaceOrientationPortraitUpsideDown";
				IPHONEOS_DEPLOYMENT_TARGET = 15.6;
				LD_RUNPATH_SEARCH_PATHS = (
					"$(inherited)",
					"@executable_path/Frameworks",
				);
				MARKETING_VERSION = 1.0;
				PRODUCT_BUNDLE_IDENTIFIER = com.chairmanmao.quotes;
				PRODUCT_NAME = "$(TARGET_NAME)";
				SWIFT_EMIT_LOC_STRINGS = YES;
				SWIFT_VERSION = 5.0;
				TARGETED_DEVICE_FAMILY = "1,2";
			};
			name = Debug;
		};
		87D663B62DBFB9B7009DB58E /* Release */ = {
			isa = XCBuildConfiguration;
			buildSettings = {
				ASSETCATALOG_COMPILER_APPICON_NAME = AppIcon;
				ASSETCATALOG_COMPILER_GLOBAL_ACCENT_COLOR_NAME = AccentColor;
				CODE_SIGN_STYLE = Automatic;
				CURRENT_PROJECT_VERSION = 1;
				DEVELOPMENT_ASSET_PATHS = "\"毛主席语录/Preview Content\"";
				DEVELOPMENT_TEAM = UJ9PYBFP4W;
				ENABLE_PREVIEWS = YES;
				GENERATE_INFOPLIST_FILE = YES;
				INFOPLIST_KEY_LSApplicationCategoryType = "public.app-category.books";
				INFOPLIST_KEY_UIApplicationSceneManifest_Generation = YES;
				INFOPLIST_KEY_UIApplicationSupportsIndirectInputEvents = YES;
				INFOPLIST_KEY_UILaunchScreen_Generation = YES;
				INFOPLIST_KEY_UISupportedInterfaceOrientations = "UIInterfaceOrientationLandscapeLeft UIInterfaceOrientationLandscapeRight UIInterfaceOrientationPortrait";
				INFOPLIST_KEY_UISupportedInterfaceOrientations_iPad = "UIInterfaceOrientationLandscapeLeft UIInterfaceOrientationLandscapeRight UIInterfaceOrientationPortrait UIInterfaceOrientationPortraitUpsideDown";
				IPHONEOS_DEPLOYMENT_TARGET = 15.6;
				LD_RUNPATH_SEARCH_PATHS = (
					"$(inherited)",
					"@executable_path/Frameworks",
				);
				MARKETING_VERSION = 1.0;
				PRODUCT_BUNDLE_IDENTIFIER = com.chairmanmao.quotes;
				PRODUCT_NAME = "$(TARGET_NAME)";
				SWIFT_EMIT_LOC_STRINGS = YES;
				SWIFT_VERSION = 5.0;
				TARGETED_DEVICE_FAMILY = "1,2";
			};
			name = Release;
		};
		87D663B82DBFB9B7009DB58E /* Debug */ = {
			isa = XCBuildConfiguration;
			buildSettings = {
				BUNDLE_LOADER = "$(TEST_HOST)";
				CODE_SIGN_STYLE = Automatic;
				CURRENT_PROJECT_VERSION = 1;
				GENERATE_INFOPLIST_FILE = YES;
				IPHONEOS_DEPLOYMENT_TARGET = 18.0;
				MARKETING_VERSION = 1.0;
				PRODUCT_BUNDLE_IDENTIFIER = "-893.-----Tests";
				PRODUCT_NAME = "$(TARGET_NAME)";
				SWIFT_EMIT_LOC_STRINGS = NO;
				SWIFT_VERSION = 5.0;
				TARGETED_DEVICE_FAMILY = "1,2";
				TEST_HOST = "$(BUILT_PRODUCTS_DIR)/毛主席语录.app/$(BUNDLE_EXECUTABLE_FOLDER_PATH)/毛主席语录";
			};
			name = Debug;
		};
		87D663B92DBFB9B7009DB58E /* Release */ = {
			isa = XCBuildConfiguration;
			buildSettings = {
				BUNDLE_LOADER = "$(TEST_HOST)";
				CODE_SIGN_STYLE = Automatic;
				CURRENT_PROJECT_VERSION = 1;
				GENERATE_INFOPLIST_FILE = YES;
				IPHONEOS_DEPLOYMENT_TARGET = 18.0;
				MARKETING_VERSION = 1.0;
				PRODUCT_BUNDLE_IDENTIFIER = "-893.-----Tests";
				PRODUCT_NAME = "$(TARGET_NAME)";
				SWIFT_EMIT_LOC_STRINGS = NO;
				SWIFT_VERSION = 5.0;
				TARGETED_DEVICE_FAMILY = "1,2";
				TEST_HOST = "$(BUILT_PRODUCTS_DIR)/毛主席语录.app/$(BUNDLE_EXECUTABLE_FOLDER_PATH)/毛主席语录";
			};
			name = Release;
		};
		87D663BB2DBFB9B7009DB58E /* Debug */ = {
			isa = XCBuildConfiguration;
			buildSettings = {
				CODE_SIGN_STYLE = Automatic;
				CURRENT_PROJECT_VERSION = 1;
				GENERATE_INFOPLIST_FILE = YES;
				MARKETING_VERSION = 1.0;
				PRODUCT_BUNDLE_IDENTIFIER = "-893.-----UITests";
				PRODUCT_NAME = "$(TARGET_NAME)";
				SWIFT_EMIT_LOC_STRINGS = NO;
				SWIFT_VERSION = 5.0;
				TARGETED_DEVICE_FAMILY = "1,2";
				TEST_TARGET_NAME = "毛主席语录";
			};
			name = Debug;
		};
		87D663BC2DBFB9B7009DB58E /* Release */ = {
			isa = XCBuildConfiguration;
			buildSettings = {
				CODE_SIGN_STYLE = Automatic;
				CURRENT_PROJECT_VERSION = 1;
				GENERATE_INFOPLIST_FILE = YES;
				MARKETING_VERSION = 1.0;
				PRODUCT_BUNDLE_IDENTIFIER = "-893.-----UITests";
				PRODUCT_NAME = "$(TARGET_NAME)";
				SWIFT_EMIT_LOC_STRINGS = NO;
				SWIFT_VERSION = 5.0;
				TARGETED_DEVICE_FAMILY = "1,2";
				TEST_TARGET_NAME = "毛主席语录";
			};
			name = Release;
		};
/* End XCBuildConfiguration section */

/* Begin XCConfigurationList section */
		87D6638B2DBFB9B4009DB58E /* Build configuration list for PBXProject "毛主席语录" */ = {
			isa = XCConfigurationList;
			buildConfigurations = (
				87D663B22DBFB9B7009DB58E /* Debug */,
				87D663B32DBFB9B7009DB58E /* Release */,
			);
			defaultConfigurationIsVisible = 0;
			defaultConfigurationName = Release;
		};
		87D663B42DBFB9B7009DB58E /* Build configuration list for PBXNativeTarget "毛主席语录" */ = {
			isa = XCConfigurationList;
			buildConfigurations = (
				87D663B52DBFB9B7009DB58E /* Debug */,
				87D663B62DBFB9B7009DB58E /* Release */,
			);
			defaultConfigurationIsVisible = 0;
			defaultConfigurationName = Release;
		};
		87D663B72DBFB9B7009DB58E /* Build configuration list for PBXNativeTarget "毛主席语录Tests" */ = {
			isa = XCConfigurationList;
			buildConfigurations = (
				87D663B82DBFB9B7009DB58E /* Debug */,
				87D663B92DBFB9B7009DB58E /* Release */,
			);
			defaultConfigurationIsVisible = 0;
			defaultConfigurationName = Release;
		};
		87D663BA2DBFB9B7009DB58E /* Build configuration list for PBXNativeTarget "毛主席语录UITests" */ = {
			isa = XCConfigurationList;
			buildConfigurations = (
				87D663BB2DBFB9B7009DB58E /* Debug */,
				87D663BC2DBFB9B7009DB58E /* Release */,
			);
			defaultConfigurationIsVisible = 0;
			defaultConfigurationName = Release;
		};
/* End XCConfigurationList section */
	};
	rootObject = 87D663882DBFB9B4009DB58E /* Project object */;
}
